{
  "name": "create-alchemy-bootstrap-ts",
  "version": "1.0.0",
  "lockfileVersion": 1,
  "requires": true,
  "dependencies": {
    "@types/qunit": {
      "version": "2.11.1",
      "resolved": "https://registry.npmjs.org/@types/qunit/-/qunit-2.11.1.tgz",
      "integrity": "sha512-vcM5+9O8LZuu5DYseaV4J7ehkYrhkv+aMIuxnF/OqMYlVEdv+odpCH1/5OVztiqxbCqTpQKWuELkMvG7OPycUQ=="
    },
    "tsc": {
      "version": "1.20150623.0",
      "resolved": "https://registry.npmjs.org/tsc/-/tsc-1.20150623.0.tgz",
      "integrity": "sha1-Trw8d04WkUjLx2inNCUz8ILHpuU="
    }
  }
}
